
Microsoft Visual Studio Solution File, Format Version 12.00
# Visual Studio Version 16
VisualStudioVersion = 16.0.32228.343
MinimumVisualStudioVersion = 10.0.40219.1
Project("{FAE04EC0-301F-11D3-BF4B-00C04F79EFBC}") = "ex6", "ex6\ex6.csproj", "{D95DB2E0-81E7-4A87-9E91-301ABC1CECA6}"
EndProject
Global
	GlobalSection(SolutionConfigurationPlatforms) = preSolution
		Debug|Any CPU = Debug|Any CPU
		Release|Any CPU = Release|Any CPU
	EndGlobalSection
	GlobalSection(ProjectConfigurationPlatforms) = postSolution
		{D95DB2E0-81E7-4A87-9E91-301ABC1CECA6}.Debug|Any CPU.ActiveCfg = Debug|Any CPU
		{D95DB2E0-81E7-4A87-9E91-301ABC1CECA6}.Debug|Any CPU.Build.0 = Debug|Any CPU
		{D95DB2E0-81E7-4A87-9E91-301ABC1CECA6}.Release|Any CPU.ActiveCfg = Release|Any CPU
		{D95DB2E0-81E7-4A87-9E91-301ABC1CECA6}.Release|Any CPU.Build.0 = Release|Any CPU
	EndGlobalSection
	GlobalSection(SolutionProperties) = preSolution
		HideSolutionNode = FALSE
	EndGlobalSection
	GlobalSection(ExtensibilityGlobals) = postSolution
		SolutionGuid = {95AED052-839D-45BF-A390-2F535B3B6E27}
	EndGlobalSection
EndGlobal
