
Microsoft Visual Studio Solution File, Format Version 12.00
# Visual Studio Version 16
VisualStudioVersion = 16.0.32228.343
MinimumVisualStudioVersion = 10.0.40219.1
Project("{FAE04EC0-301F-11D3-BF4B-00C04F79EFBC}") = "ex1", "ex1\ex1.csproj", "{49AF2D41-4DE1-4C87-B4F4-047DF7C91826}"
EndProject
Global
	GlobalSection(SolutionConfigurationPlatforms) = preSolution
		Debug|Any CPU = Debug|Any CPU
		Release|Any CPU = Release|Any CPU
	EndGlobalSection
	GlobalSection(ProjectConfigurationPlatforms) = postSolution
		{49AF2D41-4DE1-4C87-B4F4-047DF7C91826}.Debug|Any CPU.ActiveCfg = Debug|Any CPU
		{49AF2D41-4DE1-4C87-B4F4-047DF7C91826}.Debug|Any CPU.Build.0 = Debug|Any CPU
		{49AF2D41-4DE1-4C87-B4F4-047DF7C91826}.Release|Any CPU.ActiveCfg = Release|Any CPU
		{49AF2D41-4DE1-4C87-B4F4-047DF7C91826}.Release|Any CPU.Build.0 = Release|Any CPU
	EndGlobalSection
	GlobalSection(SolutionProperties) = preSolution
		HideSolutionNode = FALSE
	EndGlobalSection
	GlobalSection(ExtensibilityGlobals) = postSolution
		SolutionGuid = {69A63CDC-66E7-4297-AEEA-E998A7F8D5C4}
	EndGlobalSection
EndGlobal
